
Microsoft Visual Studio Solution File, Format Version 12.00
# Visual Studio Version 17
VisualStudioVersion = 17.4.33205.214
MinimumVisualStudioVersion = 10.0.40219.1
Project("{9A19103F-16F7-4668-BE54-9A1E7A4F7556}") = "TeensyRom.Ui", "src\TeensyRom.Ui\TeensyRom.Ui.csproj", "{8B6053C0-4B00-4C87-A84C-C346808F43F0}"
EndProject
Project("{9A19103F-16F7-4668-BE54-9A1E7A4F7556}") = "TeensyRom.Core", "src\TeensyRom.Core\TeensyRom.Core.csproj", "{E73DA390-E535-4B33-A7DF-8F83D43DE82E}"
EndProject
Project("{9A19103F-16F7-4668-BE54-9A1E7A4F7556}") = "TeensyRom.Tests", "src\TeensyRom.Tests\TeensyRom.Tests.csproj", "{D2122D1C-BFBA-446D-96A5-45FCAA75EAC3}"
EndProject
Project("{2150E333-8FDC-42A3-9474-1A3956D46DE8}") = "Solution Items", "Solution Items", "{368B3443-1DCC-48A4-82EF-F8F1D2E53FBA}"
	ProjectSection(SolutionItems) = preProject
		.editorconfig = .editorconfig
	EndProjectSection
EndProject
Project("{9A19103F-16F7-4668-BE54-9A1E7A4F7556}") = "TeensyRom.Tests.Unit", "src\TeensyRom.Tests.Unit\TeensyRom.Tests.Unit.csproj", "{5B6FE7D7-3EEF-4B6F-9EA3-4FD2268C7311}"
EndProject
Project("{2150E333-8FDC-42A3-9474-1A3956D46DE8}") = "Tests", "Tests", "{7E3C6ECA-A1A8-446F-A8D0-A662F109F2B9}"
EndProject
Project("{FAE04EC0-301F-11D3-BF4B-00C04F79EFBC}") = "TeensyRom.Sandbox", "src\TeensyRom.Sandbox\TeensyRom.Sandbox.csproj", "{92B66FA4-D2A5-4C32-875D-4F67C78213CC}"
EndProject
Project("{FAE04EC0-301F-11D3-BF4B-00C04F79EFBC}") = "TeensyRom.Core.Serial", "src\TeensyRom.Core.Serial\TeensyRom.Core.Serial.csproj", "{CBBEC5BE-853A-4BD8-8F64-22B8ECE4F6F4}"
EndProject
Project("{FAE04EC0-301F-11D3-BF4B-00C04F79EFBC}") = "TeensyRom.Core.Storage", "src\TeensyRom.Core.Storage\TeensyRom.Core.Storage.csproj", "{DF947B64-0B87-4D44-A4B6-5E3D393470F1}"
EndProject
Project("{FAE04EC0-301F-11D3-BF4B-00C04F79EFBC}") = "TeensyRom.Core.Midi", "TeensyRom.Core.Midi\TeensyRom.Core.Midi.csproj", "{F26D9198-BB1A-4AFB-9CCE-0B79A8373905}"
EndProject
Project("{FAE04EC0-301F-11D3-BF4B-00C04F79EFBC}") = "TeensyRom.Assets", "src\TeensyRom.Assets\TeensyRom.Assets.csproj", "{ECFE6389-D41F-4573-A7B8-F94C99AF1419}"
EndProject
Project("{FAE04EC0-301F-11D3-BF4B-00C04F79EFBC}") = "TeensyRom.Api", "src\TeensyRom.Api\TeensyRom.Api.csproj", "{2676BA53-6477-48A6-8027-3CEC22E5DA2C}"
EndProject
Project("{FAE04EC0-301F-11D3-BF4B-00C04F79EFBC}") = "TeensyRom.Api.Tests.Integration", "src\TeensyRom.Api.Tests.Integration\TeensyRom.Api.Tests.Integration.csproj", "{8BC14A39-60F0-4332-95B6-C456EC6C8763}"
EndProject
Project("{FAE04EC0-301F-11D3-BF4B-00C04F79EFBC}") = "TeensyRom.Core.Device", "src\TeensyRom.Core.Device\TeensyRom.Core.Device.csproj", "{EFE409B3-E046-4A81-A8E4-F2135BF0D3B6}"
EndProject
Global
	GlobalSection(SolutionConfigurationPlatforms) = preSolution
		Debug|Any CPU = Debug|Any CPU
		Release|Any CPU = Release|Any CPU
	EndGlobalSection
	GlobalSection(ProjectConfigurationPlatforms) = postSolution
		{8B6053C0-4B00-4C87-A84C-C346808F43F0}.Debug|Any CPU.ActiveCfg = Debug|Any CPU
		{8B6053C0-4B00-4C87-A84C-C346808F43F0}.Debug|Any CPU.Build.0 = Debug|Any CPU
		{8B6053C0-4B00-4C87-A84C-C346808F43F0}.Release|Any CPU.ActiveCfg = Release|Any CPU
		{8B6053C0-4B00-4C87-A84C-C346808F43F0}.Release|Any CPU.Build.0 = Release|Any CPU
		{E73DA390-E535-4B33-A7DF-8F83D43DE82E}.Debug|Any CPU.ActiveCfg = Debug|Any CPU
		{E73DA390-E535-4B33-A7DF-8F83D43DE82E}.Debug|Any CPU.Build.0 = Debug|Any CPU
		{E73DA390-E535-4B33-A7DF-8F83D43DE82E}.Release|Any CPU.ActiveCfg = Release|Any CPU
		{E73DA390-E535-4B33-A7DF-8F83D43DE82E}.Release|Any CPU.Build.0 = Release|Any CPU
		{D2122D1C-BFBA-446D-96A5-45FCAA75EAC3}.Debug|Any CPU.ActiveCfg = Debug|Any CPU
		{D2122D1C-BFBA-446D-96A5-45FCAA75EAC3}.Debug|Any CPU.Build.0 = Debug|Any CPU
		{D2122D1C-BFBA-446D-96A5-45FCAA75EAC3}.Release|Any CPU.ActiveCfg = Release|Any CPU
		{D2122D1C-BFBA-446D-96A5-45FCAA75EAC3}.Release|Any CPU.Build.0 = Release|Any CPU
		{5B6FE7D7-3EEF-4B6F-9EA3-4FD2268C7311}.Debug|Any CPU.ActiveCfg = Debug|Any CPU
		{5B6FE7D7-3EEF-4B6F-9EA3-4FD2268C7311}.Debug|Any CPU.Build.0 = Debug|Any CPU
		{5B6FE7D7-3EEF-4B6F-9EA3-4FD2268C7311}.Release|Any CPU.ActiveCfg = Release|Any CPU
		{5B6FE7D7-3EEF-4B6F-9EA3-4FD2268C7311}.Release|Any CPU.Build.0 = Release|Any CPU
		{92B66FA4-D2A5-4C32-875D-4F67C78213CC}.Debug|Any CPU.ActiveCfg = Debug|Any CPU
		{92B66FA4-D2A5-4C32-875D-4F67C78213CC}.Debug|Any CPU.Build.0 = Debug|Any CPU
		{92B66FA4-D2A5-4C32-875D-4F67C78213CC}.Release|Any CPU.ActiveCfg = Release|Any CPU
		{92B66FA4-D2A5-4C32-875D-4F67C78213CC}.Release|Any CPU.Build.0 = Release|Any CPU
		{CBBEC5BE-853A-4BD8-8F64-22B8ECE4F6F4}.Debug|Any CPU.ActiveCfg = Debug|Any CPU
		{CBBEC5BE-853A-4BD8-8F64-22B8ECE4F6F4}.Debug|Any CPU.Build.0 = Debug|Any CPU
		{CBBEC5BE-853A-4BD8-8F64-22B8ECE4F6F4}.Release|Any CPU.ActiveCfg = Release|Any CPU
		{CBBEC5BE-853A-4BD8-8F64-22B8ECE4F6F4}.Release|Any CPU.Build.0 = Release|Any CPU
		{DF947B64-0B87-4D44-A4B6-5E3D393470F1}.Debug|Any CPU.ActiveCfg = Debug|Any CPU
		{DF947B64-0B87-4D44-A4B6-5E3D393470F1}.Debug|Any CPU.Build.0 = Debug|Any CPU
		{DF947B64-0B87-4D44-A4B6-5E3D393470F1}.Release|Any CPU.ActiveCfg = Release|Any CPU
		{DF947B64-0B87-4D44-A4B6-5E3D393470F1}.Release|Any CPU.Build.0 = Release|Any CPU
		{F26D9198-BB1A-4AFB-9CCE-0B79A8373905}.Debug|Any CPU.ActiveCfg = Debug|Any CPU
		{F26D9198-BB1A-4AFB-9CCE-0B79A8373905}.Debug|Any CPU.Build.0 = Debug|Any CPU
		{F26D9198-BB1A-4AFB-9CCE-0B79A8373905}.Release|Any CPU.ActiveCfg = Release|Any CPU
		{F26D9198-BB1A-4AFB-9CCE-0B79A8373905}.Release|Any CPU.Build.0 = Release|Any CPU
		{ECFE6389-D41F-4573-A7B8-F94C99AF1419}.Debug|Any CPU.ActiveCfg = Debug|Any CPU
		{ECFE6389-D41F-4573-A7B8-F94C99AF1419}.Debug|Any CPU.Build.0 = Debug|Any CPU
		{ECFE6389-D41F-4573-A7B8-F94C99AF1419}.Release|Any CPU.ActiveCfg = Release|Any CPU
		{ECFE6389-D41F-4573-A7B8-F94C99AF1419}.Release|Any CPU.Build.0 = Release|Any CPU
		{2676BA53-6477-48A6-8027-3CEC22E5DA2C}.Debug|Any CPU.ActiveCfg = Debug|Any CPU
		{2676BA53-6477-48A6-8027-3CEC22E5DA2C}.Debug|Any CPU.Build.0 = Debug|Any CPU
		{2676BA53-6477-48A6-8027-3CEC22E5DA2C}.Release|Any CPU.ActiveCfg = Release|Any CPU
		{2676BA53-6477-48A6-8027-3CEC22E5DA2C}.Release|Any CPU.Build.0 = Release|Any CPU
		{8BC14A39-60F0-4332-95B6-C456EC6C8763}.Debug|Any CPU.ActiveCfg = Debug|Any CPU
		{8BC14A39-60F0-4332-95B6-C456EC6C8763}.Debug|Any CPU.Build.0 = Debug|Any CPU
		{8BC14A39-60F0-4332-95B6-C456EC6C8763}.Release|Any CPU.ActiveCfg = Release|Any CPU
		{8BC14A39-60F0-4332-95B6-C456EC6C8763}.Release|Any CPU.Build.0 = Release|Any CPU
		{EFE409B3-E046-4A81-A8E4-F2135BF0D3B6}.Debug|Any CPU.ActiveCfg = Debug|Any CPU
		{EFE409B3-E046-4A81-A8E4-F2135BF0D3B6}.Debug|Any CPU.Build.0 = Debug|Any CPU
		{EFE409B3-E046-4A81-A8E4-F2135BF0D3B6}.Release|Any CPU.ActiveCfg = Release|Any CPU
		{EFE409B3-E046-4A81-A8E4-F2135BF0D3B6}.Release|Any CPU.Build.0 = Release|Any CPU
	EndGlobalSection
	GlobalSection(SolutionProperties) = preSolution
		HideSolutionNode = FALSE
	EndGlobalSection
	GlobalSection(NestedProjects) = preSolution
		{D2122D1C-BFBA-446D-96A5-45FCAA75EAC3} = {7E3C6ECA-A1A8-446F-A8D0-A662F109F2B9}
		{5B6FE7D7-3EEF-4B6F-9EA3-4FD2268C7311} = {7E3C6ECA-A1A8-446F-A8D0-A662F109F2B9}
	EndGlobalSection
	GlobalSection(ExtensibilityGlobals) = postSolution
		SolutionGuid = {CEA1D327-E773-4A3D-837C-6B01037E16E5}
	EndGlobalSection
EndGlobal
