
Microsoft Visual Studio Solution File, Format Version 12.00
# Visual Studio Version 17
VisualStudioVersion = 17.4.33205.214
MinimumVisualStudioVersion = 10.0.40219.1
Project("{9A19103F-16F7-4668-BE54-9A1E7A4F7556}") = "TeensyRom.Ui", "src\TeensyRom.Ui\TeensyRom.Ui.csproj", "{8B6053C0-4B00-4C87-A84C-C346808F43F0}"
EndProject
Project("{9A19103F-16F7-4668-BE54-9A1E7A4F7556}") = "TeensyRom.Ui.Core", "src\TeensyRom.Ui.Core\TeensyRom.Ui.Core.csproj", "{E73DA390-E535-4B33-A7DF-8F83D43DE82E}"
EndProject
Project("{9A19103F-16F7-4668-BE54-9A1E7A4F7556}") = "TeensyRom.Tests", "src\TeensyRom.Tests\TeensyRom.Tests.csproj", "{D2122D1C-BFBA-446D-96A5-45FCAA75EAC3}"
EndProject
Project("{2150E333-8FDC-42A3-9474-1A3956D46DE8}") = "Solution Items", "Solution Items", "{368B3443-1DCC-48A4-82EF-F8F1D2E53FBA}"
	ProjectSection(SolutionItems) = preProject
		.editorconfig = .editorconfig
	EndProjectSection
EndProject
Project("{9A19103F-16F7-4668-BE54-9A1E7A4F7556}") = "TeensyRom.Tests.Unit", "src\TeensyRom.Tests.Unit\TeensyRom.Tests.Unit.csproj", "{5B6FE7D7-3EEF-4B6F-9EA3-4FD2268C7311}"
EndProject
Project("{2150E333-8FDC-42A3-9474-1A3956D46DE8}") = "Tests", "Tests", "{7E3C6ECA-A1A8-446F-A8D0-A662F109F2B9}"
EndProject
Global
	GlobalSection(SolutionConfigurationPlatforms) = preSolution
		Debug|Any CPU = Debug|Any CPU
		Release|Any CPU = Release|Any CPU
	EndGlobalSection
	GlobalSection(ProjectConfigurationPlatforms) = postSolution
		{8B6053C0-4B00-4C87-A84C-C346808F43F0}.Debug|Any CPU.ActiveCfg = Debug|Any CPU
		{8B6053C0-4B00-4C87-A84C-C346808F43F0}.Debug|Any CPU.Build.0 = Debug|Any CPU
		{8B6053C0-4B00-4C87-A84C-C346808F43F0}.Release|Any CPU.ActiveCfg = Release|Any CPU
		{8B6053C0-4B00-4C87-A84C-C346808F43F0}.Release|Any CPU.Build.0 = Release|Any CPU
		{E73DA390-E535-4B33-A7DF-8F83D43DE82E}.Debug|Any CPU.ActiveCfg = Debug|Any CPU
		{E73DA390-E535-4B33-A7DF-8F83D43DE82E}.Debug|Any CPU.Build.0 = Debug|Any CPU
		{E73DA390-E535-4B33-A7DF-8F83D43DE82E}.Release|Any CPU.ActiveCfg = Release|Any CPU
		{E73DA390-E535-4B33-A7DF-8F83D43DE82E}.Release|Any CPU.Build.0 = Release|Any CPU
		{D2122D1C-BFBA-446D-96A5-45FCAA75EAC3}.Debug|Any CPU.ActiveCfg = Debug|Any CPU
		{D2122D1C-BFBA-446D-96A5-45FCAA75EAC3}.Debug|Any CPU.Build.0 = Debug|Any CPU
		{D2122D1C-BFBA-446D-96A5-45FCAA75EAC3}.Release|Any CPU.ActiveCfg = Release|Any CPU
		{D2122D1C-BFBA-446D-96A5-45FCAA75EAC3}.Release|Any CPU.Build.0 = Release|Any CPU
		{5B6FE7D7-3EEF-4B6F-9EA3-4FD2268C7311}.Debug|Any CPU.ActiveCfg = Debug|Any CPU
		{5B6FE7D7-3EEF-4B6F-9EA3-4FD2268C7311}.Debug|Any CPU.Build.0 = Debug|Any CPU
		{5B6FE7D7-3EEF-4B6F-9EA3-4FD2268C7311}.Release|Any CPU.ActiveCfg = Release|Any CPU
		{5B6FE7D7-3EEF-4B6F-9EA3-4FD2268C7311}.Release|Any CPU.Build.0 = Release|Any CPU
	EndGlobalSection
	GlobalSection(SolutionProperties) = preSolution
		HideSolutionNode = FALSE
	EndGlobalSection
	GlobalSection(NestedProjects) = preSolution
		{D2122D1C-BFBA-446D-96A5-45FCAA75EAC3} = {7E3C6ECA-A1A8-446F-A8D0-A662F109F2B9}
		{5B6FE7D7-3EEF-4B6F-9EA3-4FD2268C7311} = {7E3C6ECA-A1A8-446F-A8D0-A662F109F2B9}
	EndGlobalSection
	GlobalSection(ExtensibilityGlobals) = postSolution
		SolutionGuid = {CEA1D327-E773-4A3D-837C-6B01037E16E5}
	EndGlobalSection
EndGlobal
