{
  "version": 1,
  "dependencies": {
    "net10.0-windows10.0.19041": {
      "CommonServiceLocator": {
        "type": "Direct",
        "requested": "[2.0.7, )",
        "resolved": "2.0.7",
        "contentHash": "deByA+/7hfPSMqaqcITTkeZhGw41qiIon5F6Q5n5EcMPeYc5hXlifIrVpPKsur4g/PuxYU6umjTx8kQMog4npw=="
      },
      "gong-wpf-dragdrop": {
        "type": "Direct",
        "requested": "[3.2.1, )",
        "resolved": "3.2.1",
        "contentHash": "duqBiOHQobupqRdbLYcr+8BQeeuHkvPDHQs9lnLZ03sYkmJbk5ApXqgUfx7hPP7tN9qopFQKl6OlYIHixnI1iw=="
      },
      "MaterialDesignColors": {
        "type": "Direct",
        "requested": "[2.1.4, )",
        "resolved": "2.1.4",
        "contentHash": "C4Oy+qkjMoMPoZKyqYdCnIYtK8c0OSIHmNP73Vgc69NjiUG093xTkE7W/Ks54cTDS7fmWOtUHfwISTVTtb/YKg=="
      },
      "MaterialDesignThemes": {
        "type": "Direct",
        "requested": "[4.9.0, )",
        "resolved": "4.9.0",
        "contentHash": "Bp9Auw70j+9V7WsUMT4pc8ulVzfL0Eav/tyGgICDirxxhKJwhqtC/6PRkTUm+R1t9611xiDuk5pSUNdDV6vfOQ==",
        "dependencies": {
          "MaterialDesignColors": "2.1.4",
          "Microsoft.Xaml.Behaviors.Wpf": "1.1.39"
        }
      },
      "Microsoft.Extensions.DependencyInjection": {
        "type": "Direct",
        "requested": "[8.0.0, )",
        "resolved": "8.0.0",
        "contentHash": "V8S3bsm50ig6JSyrbcJJ8bW2b9QLGouz+G1miK3UTaOWmMtFwNNNzUf4AleyDWUmTrWMLNnFSLEQtxmxgNQnNQ==",
        "dependencies": {
          "Microsoft.Extensions.DependencyInjection.Abstractions": "8.0.0"
        }
      },
      "Microsoft.Xaml.Behaviors.Wpf": {
        "type": "Direct",
        "requested": "[1.1.39, )",
        "resolved": "1.1.39",
        "contentHash": "8PZKqw9QOcu42xk8puY4P1+EXHL9YGOR9b7qhaYx5cILHul456H073tj99vyPcCt0W0781T9RwHqkx507ZyUpQ=="
      },
      "ReactiveUI": {
        "type": "Direct",
        "requested": "[19.5.41, )",
        "resolved": "19.5.41",
        "contentHash": "qusIoJHhzNFm/Ei52wwesy15le/NAMWm40UOz2boaWcBntqOJJPR6YucDUibHNo5v9opNP7ZCAMa+w3rzX6AIw==",
        "dependencies": {
          "DynamicData": "8.3.27",
          "Splat": "14.8.12",
          "System.ComponentModel.Annotations": "5.0.0"
        }
      },
      "ReactiveUI.Fody": {
        "type": "Direct",
        "requested": "[19.5.41, )",
        "resolved": "19.5.41",
        "contentHash": "bh6OH1WsSHf/ryUVaPnI6LWl1+lrCvq4L/AoHpzPXCKxtR4p0ogPVONnkq0jYgSQ55x7YNCVkthBKeb6uUSbpg==",
        "dependencies": {
          "Fody": "6.8.0",
          "ReactiveUI": "19.5.41"
        }
      },
      "ReactiveUI.WPF": {
        "type": "Direct",
        "requested": "[19.5.41, )",
        "resolved": "19.5.41",
        "contentHash": "KC/zYb7ZUYSh7amgiK6OKvydzYNNrS+u6AhKRrM3j0uVzc+GD25mZYEBJmEa8ZfqdF7WOaTZ5j7DE5fQn1/jVw==",
        "dependencies": {
          "ReactiveUI": "19.5.41"
        }
      },
      "System.Drawing.Common": {
        "type": "Direct",
        "requested": "[8.0.1, )",
        "resolved": "8.0.1",
        "contentHash": "x0rAZECxIGx/YVjN28YRdpqka0+H7YMN9741FUDzipXPDzesd60gef/LI0ZCOcYSDsacTLTHvMAvxHG+TjbNNQ=="
      },
      "System.Management": {
        "type": "Direct",
        "requested": "[9.0.2, )",
        "resolved": "9.0.2",
        "contentHash": "U6SXFe1kfJySAvcPPdbdb+fycaY+3c/KV0PwTjurvrALMnlSm37s5z8zcoI7qbkV2kYhxiLfsZRGiF0XeSsqSQ=="
      },
      "System.Text.Json": {
        "type": "Direct",
        "requested": "[8.0.5, )",
        "resolved": "8.0.5",
        "contentHash": "0f1B50Ss7rqxXiaBJyzUu9bWFOO2/zSlifZ/UNMdiIpDYe4cY4LQQicP4nirK1OS31I43rn062UIJ1Q9bpmHpg=="
      },
      "Ardalis.SmartEnum": {
        "type": "Transitive",
        "resolved": "7.0.0",
        "contentHash": "kimfs7iIHTctxUwMyuJH+dXwFVDzYKtRzuxiAFk7Cb8sjhP1QutEYenz+i/UG92nu4AkoZhfqNpmBOn5/RGDMw=="
      },
      "CsvHelper": {
        "type": "Transitive",
        "resolved": "30.0.1",
        "contentHash": "rcZtgbWR+As4G3Vpgx0AMNmShGuQLFjkHAPIIflzrfkJCx8/AOd4m96ZRmiU1Wi39qS5UVjV0P8qdgqOo5Cwyg=="
      },
      "DynamicData": {
        "type": "Transitive",
        "resolved": "8.3.27",
        "contentHash": "m5PGnTbFCE04xrH3peeNtiHrXJM5Vxk6Sy9bwXm8ahZ+/ZavqYb8XstBD1GFqcU7g6f8YD3zPcI7XkkW3Y1Ang==",
        "dependencies": {
          "System.Reactive": "6.0.0"
        }
      },
      "Fody": {
        "type": "Transitive",
        "resolved": "6.8.0",
        "contentHash": "hfZ/f8Mezt8aTkgv9nsvFdYoQ809/AqwsJlOGOPYIfBcG2aAIG3v3ex9d8ZqQuFYyMoucjRg4eKy3VleeGodKQ=="
      },
      "MediatR": {
        "type": "Transitive",
        "resolved": "12.2.0",
        "contentHash": "8TUFrHapKi6D74PhnSNEguRsH91HNGyP3R4ZQdgDorJgl9Wac5Prh0vA33QfrniAaS6L2xNNhc6vxzg+5AIbwA==",
        "dependencies": {
          "MediatR.Contracts": "[2.0.1, 3.0.0)",
          "Microsoft.Extensions.DependencyInjection.Abstractions": "8.0.0"
        }
      },
      "MediatR.Contracts": {
        "type": "Transitive",
        "resolved": "2.0.1",
        "contentHash": "FYv95bNT4UwcNA+G/J1oX5OpRiSUxteXaUt2BJbRSdRNiIUNbggJF69wy6mnk2wYToaanpdXZdCwVylt96MpwQ=="
      },
      "Microsoft.Extensions.DependencyInjection.Abstractions": {
        "type": "Transitive",
        "resolved": "8.0.0",
        "contentHash": "cjWrLkJXK0rs4zofsK4bSdg+jhDLTaxrkXu4gS6Y7MAlCvRyNNgwY/lJi5RDlQOnSZweHqoyvgvbdvQsRIW+hg=="
      },
      "NAudio.Core": {
        "type": "Transitive",
        "resolved": "2.2.1",
        "contentHash": "GgkdP6K/7FqXFo7uHvoqGZTJvW4z8g2IffhOO4JHaLzKCdDOUEzVKtveoZkCuUX8eV2HAINqi7VFqlFndrnz/g=="
      },
      "NAudio.Midi": {
        "type": "Transitive",
        "resolved": "2.2.1",
        "contentHash": "6r23ylGo5aeP02WFXsPquz0T0hFJWyh+7t++tz19tc3Kr38NHm+Z9j+FiAv+xkH8tZqXJqus9Q8p6u7bidIgbw==",
        "dependencies": {
          "NAudio.Core": "2.2.1"
        }
      },
      "runtime.linux-arm.runtime.native.System.IO.Ports": {
        "type": "Transitive",
        "resolved": "6.0.0",
        "contentHash": "75q52H7CSpgIoIDwXb9o833EvBZIXJ0mdPhz1E6jSisEXUBlSCPalC29cj3EXsjpuDwr0dj1LRXZepIQH/oL4Q=="
      },
      "runtime.linux-arm64.runtime.native.System.IO.Ports": {
        "type": "Transitive",
        "resolved": "6.0.0",
        "contentHash": "xn2bMThmXr3CsvOYmS8ex2Yz1xo+kcnhVg2iVhS9PlmqjZPAkrEo/I40wjrBZH/tU4kvH0s1AE8opAvQ3KIS8g=="
      },
      "runtime.linux-x64.runtime.native.System.IO.Ports": {
        "type": "Transitive",
        "resolved": "6.0.0",
        "contentHash": "16nbNXwv0sC+gLGIuecri0skjuh6R1maIJggsaNP7MQBcbVcEfWFUOkEnsnvoLEjy0XerfibuRptfQ8AmdIcWA=="
      },
      "runtime.native.System.IO.Ports": {
        "type": "Transitive",
        "resolved": "6.0.0",
        "contentHash": "KaaXlpOcuZjMdmyF5wzzx3b+PRKIzt6A5Ax9dKenPDQbVJAFpev+casD0BIig1pBcbs3zx7CqWemzUJKAeHdSQ==",
        "dependencies": {
          "runtime.linux-arm.runtime.native.System.IO.Ports": "6.0.0",
          "runtime.linux-arm64.runtime.native.System.IO.Ports": "6.0.0",
          "runtime.linux-x64.runtime.native.System.IO.Ports": "6.0.0",
          "runtime.osx-arm64.runtime.native.System.IO.Ports": "6.0.0",
          "runtime.osx-x64.runtime.native.System.IO.Ports": "6.0.0"
        }
      },
      "runtime.osx-arm64.runtime.native.System.IO.Ports": {
        "type": "Transitive",
        "resolved": "6.0.0",
        "contentHash": "fXG12NodG1QrCdoaeSQ1gVnk/koi4WYY4jZtarMkZeQMyReBm1nZlSRoPnUjLr2ZR36TiMjpcGnQfxymieUe7w=="
      },
      "runtime.osx-x64.runtime.native.System.IO.Ports": {
        "type": "Transitive",
        "resolved": "6.0.0",
        "contentHash": "/As+zPY49+dSUXkh+fTUbyPhqrdGN//evLxo4Vue88pfh1BHZgF7q4kMblTkxYvwR6Vi03zSYxysSFktO8/SDQ=="
      },
      "Splat": {
        "type": "Transitive",
        "resolved": "14.8.12",
        "contentHash": "7dTp+hgC2CS4DqjHtgkeS7hsECbpD09ukGwxL63HVM/aih9zseIaIjWhS6sQWlWw5GDvli8bVMHeZ1dekgmuvQ=="
      },
      "System.ComponentModel.Annotations": {
        "type": "Transitive",
        "resolved": "5.0.0",
        "contentHash": "dMkqfy2el8A8/I76n2Hi1oBFEbG1SfxD2l5nhwXV3XjlnOmwxJlQbYpJH4W51odnU9sARCSAgv7S3CyAFMkpYg=="
      },
      "System.IO.Ports": {
        "type": "Transitive",
        "resolved": "6.0.0",
        "contentHash": "dRyGI7fUESar5ZLIpiBOaaNLW7YyOBGftjj5Of+xcduC/Rjl7RjhEnWDvvNBmHuF3d0tdXoqdVI/yrVA8f00XA==",
        "dependencies": {
          "runtime.native.System.IO.Ports": "6.0.0"
        }
      },
      "System.Reactive": {
        "type": "Transitive",
        "resolved": "6.0.0",
        "contentHash": "31kfaW4ZupZzPsI5PVe77VhnvFF55qgma7KZr/E0iFTs6fmdhhG8j0mgEx620iLTey1EynOkEfnyTjtNEpJzGw=="
      },
      "teensyrom.core": {
        "type": "Project",
        "dependencies": {
          "Ardalis.SmartEnum": "[7.0.0, )",
          "CsvHelper": "[30.0.1, )",
          "MediatR": "[12.2.0, )",
          "System.IO.Ports": "[6.0.0, )",
          "System.Reactive": "[6.0.0, )"
        }
      },
      "teensyrom.core.device": {
        "type": "Project",
        "dependencies": {
          "TeensyRom.Core.Serial": "[1.0.0, )",
          "TeensyRom.Core.Storage": "[1.0.0, )"
        }
      },
      "teensyrom.core.midi": {
        "type": "Project",
        "dependencies": {
          "NAudio.Midi": "[2.2.1, )",
          "TeensyRom.Core": "[1.0.0, )"
        }
      },
      "teensyrom.core.serial": {
        "type": "Project",
        "dependencies": {
          "TeensyRom.Core": "[1.0.0, )"
        }
      },
      "teensyrom.core.storage": {
        "type": "Project",
        "dependencies": {
          "TeensyRom.Core": "[1.0.0, )",
          "TeensyRom.Core.Serial": "[1.0.0, )"
        }
      }
    },
    "net10.0-windows10.0.19041/win-x64": {
      "System.Management": {
        "type": "Direct",
        "requested": "[9.0.2, )",
        "resolved": "9.0.2",
        "contentHash": "U6SXFe1kfJySAvcPPdbdb+fycaY+3c/KV0PwTjurvrALMnlSm37s5z8zcoI7qbkV2kYhxiLfsZRGiF0XeSsqSQ=="
      },
      "runtime.linux-arm.runtime.native.System.IO.Ports": {
        "type": "Transitive",
        "resolved": "6.0.0",
        "contentHash": "75q52H7CSpgIoIDwXb9o833EvBZIXJ0mdPhz1E6jSisEXUBlSCPalC29cj3EXsjpuDwr0dj1LRXZepIQH/oL4Q=="
      },
      "runtime.linux-arm64.runtime.native.System.IO.Ports": {
        "type": "Transitive",
        "resolved": "6.0.0",
        "contentHash": "xn2bMThmXr3CsvOYmS8ex2Yz1xo+kcnhVg2iVhS9PlmqjZPAkrEo/I40wjrBZH/tU4kvH0s1AE8opAvQ3KIS8g=="
      },
      "runtime.linux-x64.runtime.native.System.IO.Ports": {
        "type": "Transitive",
        "resolved": "6.0.0",
        "contentHash": "16nbNXwv0sC+gLGIuecri0skjuh6R1maIJggsaNP7MQBcbVcEfWFUOkEnsnvoLEjy0XerfibuRptfQ8AmdIcWA=="
      },
      "runtime.osx-arm64.runtime.native.System.IO.Ports": {
        "type": "Transitive",
        "resolved": "6.0.0",
        "contentHash": "fXG12NodG1QrCdoaeSQ1gVnk/koi4WYY4jZtarMkZeQMyReBm1nZlSRoPnUjLr2ZR36TiMjpcGnQfxymieUe7w=="
      },
      "runtime.osx-x64.runtime.native.System.IO.Ports": {
        "type": "Transitive",
        "resolved": "6.0.0",
        "contentHash": "/As+zPY49+dSUXkh+fTUbyPhqrdGN//evLxo4Vue88pfh1BHZgF7q4kMblTkxYvwR6Vi03zSYxysSFktO8/SDQ=="
      },
      "System.IO.Ports": {
        "type": "Transitive",
        "resolved": "6.0.0",
        "contentHash": "dRyGI7fUESar5ZLIpiBOaaNLW7YyOBGftjj5Of+xcduC/Rjl7RjhEnWDvvNBmHuF3d0tdXoqdVI/yrVA8f00XA==",
        "dependencies": {
          "runtime.native.System.IO.Ports": "6.0.0"
        }
      }
    }
  }
}