{
  "version": 1,
  "dependencies": {
    "net9.0-windows10.0.19041": {
      "CommonServiceLocator": {
        "type": "Direct",
        "requested": "[2.0.7, )",
        "resolved": "2.0.7",
        "contentHash": "deByA+/7hfPSMqaqcITTkeZhGw41qiIon5F6Q5n5EcMPeYc5hXlifIrVpPKsur4g/PuxYU6umjTx8kQMog4npw=="
      },
      "gong-wpf-dragdrop": {
        "type": "Direct",
        "requested": "[3.2.1, )",
        "resolved": "3.2.1",
        "contentHash": "duqBiOHQobupqRdbLYcr+8BQeeuHkvPDHQs9lnLZ03sYkmJbk5ApXqgUfx7hPP7tN9qopFQKl6OlYIHixnI1iw=="
      },
      "MaterialDesignColors": {
        "type": "Direct",
        "requested": "[2.1.4, )",
        "resolved": "2.1.4",
        "contentHash": "C4Oy+qkjMoMPoZKyqYdCnIYtK8c0OSIHmNP73Vgc69NjiUG093xTkE7W/Ks54cTDS7fmWOtUHfwISTVTtb/YKg=="
      },
      "MaterialDesignThemes": {
        "type": "Direct",
        "requested": "[4.9.0, )",
        "resolved": "4.9.0",
        "contentHash": "Bp9Auw70j+9V7WsUMT4pc8ulVzfL0Eav/tyGgICDirxxhKJwhqtC/6PRkTUm+R1t9611xiDuk5pSUNdDV6vfOQ==",
        "dependencies": {
          "MaterialDesignColors": "2.1.4",
          "Microsoft.Xaml.Behaviors.Wpf": "1.1.39"
        }
      },
      "Microsoft.Extensions.DependencyInjection": {
        "type": "Direct",
        "requested": "[8.0.0, )",
        "resolved": "8.0.0",
        "contentHash": "V8S3bsm50ig6JSyrbcJJ8bW2b9QLGouz+G1miK3UTaOWmMtFwNNNzUf4AleyDWUmTrWMLNnFSLEQtxmxgNQnNQ==",
        "dependencies": {
          "Microsoft.Extensions.DependencyInjection.Abstractions": "8.0.0"
        }
      },
      "Microsoft.Xaml.Behaviors.Wpf": {
        "type": "Direct",
        "requested": "[1.1.39, )",
        "resolved": "1.1.39",
        "contentHash": "8PZKqw9QOcu42xk8puY4P1+EXHL9YGOR9b7qhaYx5cILHul456H073tj99vyPcCt0W0781T9RwHqkx507ZyUpQ=="
      },
      "ReactiveUI": {
        "type": "Direct",
        "requested": "[19.5.41, )",
        "resolved": "19.5.41",
        "contentHash": "qusIoJHhzNFm/Ei52wwesy15le/NAMWm40UOz2boaWcBntqOJJPR6YucDUibHNo5v9opNP7ZCAMa+w3rzX6AIw==",
        "dependencies": {
          "DynamicData": "8.3.27",
          "Splat": "14.8.12"
        }
      },
      "ReactiveUI.Fody": {
        "type": "Direct",
        "requested": "[19.5.41, )",
        "resolved": "19.5.41",
        "contentHash": "bh6OH1WsSHf/ryUVaPnI6LWl1+lrCvq4L/AoHpzPXCKxtR4p0ogPVONnkq0jYgSQ55x7YNCVkthBKeb6uUSbpg==",
        "dependencies": {
          "Fody": "6.8.0",
          "ReactiveUI": "19.5.41"
        }
      },
      "ReactiveUI.WPF": {
        "type": "Direct",
        "requested": "[19.5.41, )",
        "resolved": "19.5.41",
        "contentHash": "KC/zYb7ZUYSh7amgiK6OKvydzYNNrS+u6AhKRrM3j0uVzc+GD25mZYEBJmEa8ZfqdF7WOaTZ5j7DE5fQn1/jVw==",
        "dependencies": {
          "ReactiveUI": "19.5.41"
        }
      },
      "System.Drawing.Common": {
        "type": "Direct",
        "requested": "[8.0.1, )",
        "resolved": "8.0.1",
        "contentHash": "x0rAZECxIGx/YVjN28YRdpqka0+H7YMN9741FUDzipXPDzesd60gef/LI0ZCOcYSDsacTLTHvMAvxHG+TjbNNQ=="
      },
      "System.Management": {
        "type": "Direct",
        "requested": "[9.0.2, )",
        "resolved": "9.0.2",
        "contentHash": "U6SXFe1kfJySAvcPPdbdb+fycaY+3c/KV0PwTjurvrALMnlSm37s5z8zcoI7qbkV2kYhxiLfsZRGiF0XeSsqSQ==",
        "dependencies": {
          "System.CodeDom": "9.0.2"
        }
      },
      "System.Text.Json": {
        "type": "Direct",
        "requested": "[8.0.5, )",
        "resolved": "8.0.5",
        "contentHash": "0f1B50Ss7rqxXiaBJyzUu9bWFOO2/zSlifZ/UNMdiIpDYe4cY4LQQicP4nirK1OS31I43rn062UIJ1Q9bpmHpg=="
      },
      "Ardalis.SmartEnum": {
        "type": "Transitive",
        "resolved": "7.0.0",
        "contentHash": "kimfs7iIHTctxUwMyuJH+dXwFVDzYKtRzuxiAFk7Cb8sjhP1QutEYenz+i/UG92nu4AkoZhfqNpmBOn5/RGDMw=="
      },
      "CsvHelper": {
        "type": "Transitive",
        "resolved": "30.0.1",
        "contentHash": "rcZtgbWR+As4G3Vpgx0AMNmShGuQLFjkHAPIIflzrfkJCx8/AOd4m96ZRmiU1Wi39qS5UVjV0P8qdgqOo5Cwyg=="
      },
      "DynamicData": {
        "type": "Transitive",
        "resolved": "8.3.27",
        "contentHash": "m5PGnTbFCE04xrH3peeNtiHrXJM5Vxk6Sy9bwXm8ahZ+/ZavqYb8XstBD1GFqcU7g6f8YD3zPcI7XkkW3Y1Ang==",
        "dependencies": {
          "System.Reactive": "6.0.0"
        }
      },
      "Fody": {
        "type": "Transitive",
        "resolved": "6.8.0",
        "contentHash": "hfZ/f8Mezt8aTkgv9nsvFdYoQ809/AqwsJlOGOPYIfBcG2aAIG3v3ex9d8ZqQuFYyMoucjRg4eKy3VleeGodKQ=="
      },
      "MediatR": {
        "type": "Transitive",
        "resolved": "12.2.0",
        "contentHash": "8TUFrHapKi6D74PhnSNEguRsH91HNGyP3R4ZQdgDorJgl9Wac5Prh0vA33QfrniAaS6L2xNNhc6vxzg+5AIbwA==",
        "dependencies": {
          "MediatR.Contracts": "[2.0.1, 3.0.0)",
          "Microsoft.Extensions.DependencyInjection.Abstractions": "8.0.0"
        }
      },
      "MediatR.Contracts": {
        "type": "Transitive",
        "resolved": "2.0.1",
        "contentHash": "FYv95bNT4UwcNA+G/J1oX5OpRiSUxteXaUt2BJbRSdRNiIUNbggJF69wy6mnk2wYToaanpdXZdCwVylt96MpwQ=="
      },
      "Microsoft.Extensions.DependencyInjection.Abstractions": {
        "type": "Transitive",
        "resolved": "8.0.0",
        "contentHash": "cjWrLkJXK0rs4zofsK4bSdg+jhDLTaxrkXu4gS6Y7MAlCvRyNNgwY/lJi5RDlQOnSZweHqoyvgvbdvQsRIW+hg=="
      },
      "NAudio.Core": {
        "type": "Transitive",
        "resolved": "2.2.1",
        "contentHash": "GgkdP6K/7FqXFo7uHvoqGZTJvW4z8g2IffhOO4JHaLzKCdDOUEzVKtveoZkCuUX8eV2HAINqi7VFqlFndrnz/g=="
      },
      "NAudio.Midi": {
        "type": "Transitive",
        "resolved": "2.2.1",
        "contentHash": "6r23ylGo5aeP02WFXsPquz0T0hFJWyh+7t++tz19tc3Kr38NHm+Z9j+FiAv+xkH8tZqXJqus9Q8p6u7bidIgbw==",
        "dependencies": {
          "NAudio.Core": "2.2.1"
        }
      },
      "runtime.android-arm.runtime.native.System.IO.Ports": {
        "type": "Transitive",
        "resolved": "9.0.6",
        "contentHash": "S1Gu7KIiBM5Zfkve5iaVZUMPToGZ8fc13IMLNdyU20G9nq9LnKSN5e0xb/TFr4N6IqWkAxmTD4JkcWXdjdk33g=="
      },
      "runtime.android-arm64.runtime.native.System.IO.Ports": {
        "type": "Transitive",
        "resolved": "9.0.6",
        "contentHash": "B5GL3MQcQ4OI02Q3jXdiISS5N7ZI6LCHyDQTpfJTpzTdf4SDwTMMxrcpGaPSth6l7yVyAtJJbIhgdFDw3PmOhg=="
      },
      "runtime.android-x64.runtime.native.System.IO.Ports": {
        "type": "Transitive",
        "resolved": "9.0.6",
        "contentHash": "7Aq/6BqdFCShOlL+f7ltFCQkwo/YFzZ+wOmK8ObpGfzhxWp2Mg7H4DuMoqd1pO+ikdfbOcDm7cfdMmsUwgbKkQ=="
      },
      "runtime.android-x86.runtime.native.System.IO.Ports": {
        "type": "Transitive",
        "resolved": "9.0.6",
        "contentHash": "LG0iGAvkdSWD3WT+oZcozJFZKeINQ160n68YfnwVgtmFpMR2O3GIfuMrf9WJjfnZJb6pbaNnLGqOTpXVJTJa2Q=="
      },
      "runtime.linux-arm.runtime.native.System.IO.Ports": {
        "type": "Transitive",
        "resolved": "9.0.6",
        "contentHash": "RzAA2D77LRuYVTUXKG8wLRbbDF6BA+fHeBtsdar3ARj3cWmqscR3sb5QgROBKtDj1G2Idu3aj+5Bk3TYc+f4XA=="
      },
      "runtime.linux-arm64.runtime.native.System.IO.Ports": {
        "type": "Transitive",
        "resolved": "9.0.6",
        "contentHash": "a9pVVDsO76cdoGN3CYEgxTE54C5udq9hfOjPKVxyfwOk1N12w18VKL2a15deezFMqjGggaVyK0cFBj9qG7pqWw=="
      },
      "runtime.linux-bionic-arm64.runtime.native.System.IO.Ports": {
        "type": "Transitive",
        "resolved": "9.0.6",
        "contentHash": "Kb8CZNgH0aWd8Ks6jS1F286SmVJ4FmJjiUdrQTvHu1aN1cWpfwLZ1qOARvFI3lbXE/geOzBIHDNWmQjyOAeUlg=="
      },
      "runtime.linux-bionic-x64.runtime.native.System.IO.Ports": {
        "type": "Transitive",
        "resolved": "9.0.6",
        "contentHash": "BCbWsWzSdv9ly9pR1JFY89an+8nc9yZtjAPPlcpH31UUP0AuI27rnrKzcZAuqFXlKy2M8EZVnjV0czSTFueqGA=="
      },
      "runtime.linux-musl-arm.runtime.native.System.IO.Ports": {
        "type": "Transitive",
        "resolved": "9.0.6",
        "contentHash": "eapJ2k/eeMK7Q/Mbticy5rgSb+qI884W9Wk6UTDnEdRpd0BvKbhgM845QEmk3vrxT6B8cCr4A8pRseZBdmk4WA=="
      },
      "runtime.linux-musl-arm64.runtime.native.System.IO.Ports": {
        "type": "Transitive",
        "resolved": "9.0.6",
        "contentHash": "+3S2ksd6iFNeyAxtCZ2dGlxXNGQsOgIgGiecu34++UnUTY9KFhkg8T69hyjEMg4+dRQXEWrU4+vP4AI3s5GlMw=="
      },
      "runtime.linux-musl-x64.runtime.native.System.IO.Ports": {
        "type": "Transitive",
        "resolved": "9.0.6",
        "contentHash": "Fa+EbKuQ6W4EzdVRAA/6ffJ3C0eQ93D8bhmnFaVEHBkfDTKNUSZKhjLdYgubvMrSQlsQ8XLGw0Ld1UXMgGCj7w=="
      },
      "runtime.linux-x64.runtime.native.System.IO.Ports": {
        "type": "Transitive",
        "resolved": "9.0.6",
        "contentHash": "POgI6/WVHtpxbqvfFqVybZckRbgFVp3nE0fOBpIQdKiZ9C3MPKKibyFNEBK81ZlgmtTEpJP0jMvLSuEbA/p95g=="
      },
      "runtime.maccatalyst-arm64.runtime.native.System.IO.Ports": {
        "type": "Transitive",
        "resolved": "9.0.6",
        "contentHash": "VMJ5KlYwc2OUPEXmuMetGdwU2IKCDH0mYPz+7G0e2psKJ6Q4JVq9VIOK/nnFJ9z0nbw7Cxu5m7nwh8p/ZPr/eA=="
      },
      "runtime.maccatalyst-x64.runtime.native.System.IO.Ports": {
        "type": "Transitive",
        "resolved": "9.0.6",
        "contentHash": "kbPhYFOoSo7l71lZo4RFx51Vj6BbQAL3QFn4duULbrpV1GEQX5ZrmBSpdxigcvDMit1i/+wDTyMll9t56i/knQ=="
      },
      "runtime.native.System.IO.Ports": {
        "type": "Transitive",
        "resolved": "9.0.6",
        "contentHash": "Q8gHRVpOlTQSEqKtimf7s3lr8OaYaxXcrXjtF78k+6RogQ0BpEHnUgeBZBoQ53qSiztBAzkF22uPOHq+/+goOA==",
        "dependencies": {
          "runtime.android-arm.runtime.native.System.IO.Ports": "9.0.6",
          "runtime.android-arm64.runtime.native.System.IO.Ports": "9.0.6",
          "runtime.android-x64.runtime.native.System.IO.Ports": "9.0.6",
          "runtime.android-x86.runtime.native.System.IO.Ports": "9.0.6",
          "runtime.linux-arm.runtime.native.System.IO.Ports": "9.0.6",
          "runtime.linux-arm64.runtime.native.System.IO.Ports": "9.0.6",
          "runtime.linux-bionic-arm64.runtime.native.System.IO.Ports": "9.0.6",
          "runtime.linux-bionic-x64.runtime.native.System.IO.Ports": "9.0.6",
          "runtime.linux-musl-arm.runtime.native.System.IO.Ports": "9.0.6",
          "runtime.linux-musl-arm64.runtime.native.System.IO.Ports": "9.0.6",
          "runtime.linux-musl-x64.runtime.native.System.IO.Ports": "9.0.6",
          "runtime.linux-x64.runtime.native.System.IO.Ports": "9.0.6",
          "runtime.maccatalyst-arm64.runtime.native.System.IO.Ports": "9.0.6",
          "runtime.maccatalyst-x64.runtime.native.System.IO.Ports": "9.0.6",
          "runtime.osx-arm64.runtime.native.System.IO.Ports": "9.0.6",
          "runtime.osx-x64.runtime.native.System.IO.Ports": "9.0.6"
        }
      },
      "runtime.osx-arm64.runtime.native.System.IO.Ports": {
        "type": "Transitive",
        "resolved": "9.0.6",
        "contentHash": "a+KcHUMoNJG1Z9uvf28HDmT8jK5rm0ExTUdScsdP/ukU2KE7ah+vLxNbh4zCxzvGHsx+Z6bVpaWLjuSYNbqilQ=="
      },
      "runtime.osx-x64.runtime.native.System.IO.Ports": {
        "type": "Transitive",
        "resolved": "9.0.6",
        "contentHash": "ogySJ/MVq9J/X1ugQOAA4dQfoJSUnZtIbPLr8t2tsaGkV7TBgWOnFInRXy1c20o79M6ARyus12UinDKsFaLkwA=="
      },
      "Splat": {
        "type": "Transitive",
        "resolved": "14.8.12",
        "contentHash": "7dTp+hgC2CS4DqjHtgkeS7hsECbpD09ukGwxL63HVM/aih9zseIaIjWhS6sQWlWw5GDvli8bVMHeZ1dekgmuvQ=="
      },
      "System.CodeDom": {
        "type": "Transitive",
        "resolved": "9.0.2",
        "contentHash": "VnlzS7afE8LaXXwKdHOe2D6FcDekqThzU1E67CONV7gp71q3zposqcSeXH+PxARMXC5j31efwXrxP8VGvD70Ug=="
      },
      "System.IO.Ports": {
        "type": "Transitive",
        "resolved": "9.0.6",
        "contentHash": "D1nZmsZfUfKQ9/AqiAEafmnYijUoJvXtl0RWZ2P+q/Wq3gXgEtp+NzKTpabw2s0aiuPAsdx8SujQY06W2X4ucQ==",
        "dependencies": {
          "runtime.native.System.IO.Ports": "9.0.6"
        }
      },
      "System.Reactive": {
        "type": "Transitive",
        "resolved": "6.0.0",
        "contentHash": "31kfaW4ZupZzPsI5PVe77VhnvFF55qgma7KZr/E0iFTs6fmdhhG8j0mgEx620iLTey1EynOkEfnyTjtNEpJzGw=="
      },
      "teensyrom.core": {
        "type": "Project",
        "dependencies": {
          "Ardalis.SmartEnum": "[7.0.0, )",
          "CsvHelper": "[30.0.1, )",
          "MediatR": "[12.2.0, )",
          "System.IO.Ports": "[9.0.6, )",
          "System.Reactive": "[6.0.0, )"
        }
      },
      "teensyrom.core.device": {
        "type": "Project",
        "dependencies": {
          "TeensyRom.Core.Serial": "[1.0.0, )",
          "TeensyRom.Core.Storage": "[1.0.0, )"
        }
      },
      "teensyrom.core.midi": {
        "type": "Project",
        "dependencies": {
          "NAudio.Midi": "[2.2.1, )",
          "TeensyRom.Core": "[1.0.0, )"
        }
      },
      "teensyrom.core.serial": {
        "type": "Project",
        "dependencies": {
          "TeensyRom.Core": "[1.0.0, )"
        }
      },
      "teensyrom.core.storage": {
        "type": "Project",
        "dependencies": {
          "TeensyRom.Core": "[1.0.0, )",
          "TeensyRom.Core.Serial": "[1.0.0, )"
        }
      }
    },
    "net9.0-windows10.0.19041/win-x64": {
      "System.Management": {
        "type": "Direct",
        "requested": "[9.0.2, )",
        "resolved": "9.0.2",
        "contentHash": "U6SXFe1kfJySAvcPPdbdb+fycaY+3c/KV0PwTjurvrALMnlSm37s5z8zcoI7qbkV2kYhxiLfsZRGiF0XeSsqSQ==",
        "dependencies": {
          "System.CodeDom": "9.0.2"
        }
      },
      "runtime.android-arm.runtime.native.System.IO.Ports": {
        "type": "Transitive",
        "resolved": "9.0.6",
        "contentHash": "S1Gu7KIiBM5Zfkve5iaVZUMPToGZ8fc13IMLNdyU20G9nq9LnKSN5e0xb/TFr4N6IqWkAxmTD4JkcWXdjdk33g=="
      },
      "runtime.android-arm64.runtime.native.System.IO.Ports": {
        "type": "Transitive",
        "resolved": "9.0.6",
        "contentHash": "B5GL3MQcQ4OI02Q3jXdiISS5N7ZI6LCHyDQTpfJTpzTdf4SDwTMMxrcpGaPSth6l7yVyAtJJbIhgdFDw3PmOhg=="
      },
      "runtime.android-x64.runtime.native.System.IO.Ports": {
        "type": "Transitive",
        "resolved": "9.0.6",
        "contentHash": "7Aq/6BqdFCShOlL+f7ltFCQkwo/YFzZ+wOmK8ObpGfzhxWp2Mg7H4DuMoqd1pO+ikdfbOcDm7cfdMmsUwgbKkQ=="
      },
      "runtime.android-x86.runtime.native.System.IO.Ports": {
        "type": "Transitive",
        "resolved": "9.0.6",
        "contentHash": "LG0iGAvkdSWD3WT+oZcozJFZKeINQ160n68YfnwVgtmFpMR2O3GIfuMrf9WJjfnZJb6pbaNnLGqOTpXVJTJa2Q=="
      },
      "runtime.linux-arm.runtime.native.System.IO.Ports": {
        "type": "Transitive",
        "resolved": "9.0.6",
        "contentHash": "RzAA2D77LRuYVTUXKG8wLRbbDF6BA+fHeBtsdar3ARj3cWmqscR3sb5QgROBKtDj1G2Idu3aj+5Bk3TYc+f4XA=="
      },
      "runtime.linux-arm64.runtime.native.System.IO.Ports": {
        "type": "Transitive",
        "resolved": "9.0.6",
        "contentHash": "a9pVVDsO76cdoGN3CYEgxTE54C5udq9hfOjPKVxyfwOk1N12w18VKL2a15deezFMqjGggaVyK0cFBj9qG7pqWw=="
      },
      "runtime.linux-bionic-arm64.runtime.native.System.IO.Ports": {
        "type": "Transitive",
        "resolved": "9.0.6",
        "contentHash": "Kb8CZNgH0aWd8Ks6jS1F286SmVJ4FmJjiUdrQTvHu1aN1cWpfwLZ1qOARvFI3lbXE/geOzBIHDNWmQjyOAeUlg=="
      },
      "runtime.linux-bionic-x64.runtime.native.System.IO.Ports": {
        "type": "Transitive",
        "resolved": "9.0.6",
        "contentHash": "BCbWsWzSdv9ly9pR1JFY89an+8nc9yZtjAPPlcpH31UUP0AuI27rnrKzcZAuqFXlKy2M8EZVnjV0czSTFueqGA=="
      },
      "runtime.linux-musl-arm.runtime.native.System.IO.Ports": {
        "type": "Transitive",
        "resolved": "9.0.6",
        "contentHash": "eapJ2k/eeMK7Q/Mbticy5rgSb+qI884W9Wk6UTDnEdRpd0BvKbhgM845QEmk3vrxT6B8cCr4A8pRseZBdmk4WA=="
      },
      "runtime.linux-musl-arm64.runtime.native.System.IO.Ports": {
        "type": "Transitive",
        "resolved": "9.0.6",
        "contentHash": "+3S2ksd6iFNeyAxtCZ2dGlxXNGQsOgIgGiecu34++UnUTY9KFhkg8T69hyjEMg4+dRQXEWrU4+vP4AI3s5GlMw=="
      },
      "runtime.linux-musl-x64.runtime.native.System.IO.Ports": {
        "type": "Transitive",
        "resolved": "9.0.6",
        "contentHash": "Fa+EbKuQ6W4EzdVRAA/6ffJ3C0eQ93D8bhmnFaVEHBkfDTKNUSZKhjLdYgubvMrSQlsQ8XLGw0Ld1UXMgGCj7w=="
      },
      "runtime.linux-x64.runtime.native.System.IO.Ports": {
        "type": "Transitive",
        "resolved": "9.0.6",
        "contentHash": "POgI6/WVHtpxbqvfFqVybZckRbgFVp3nE0fOBpIQdKiZ9C3MPKKibyFNEBK81ZlgmtTEpJP0jMvLSuEbA/p95g=="
      },
      "runtime.maccatalyst-arm64.runtime.native.System.IO.Ports": {
        "type": "Transitive",
        "resolved": "9.0.6",
        "contentHash": "VMJ5KlYwc2OUPEXmuMetGdwU2IKCDH0mYPz+7G0e2psKJ6Q4JVq9VIOK/nnFJ9z0nbw7Cxu5m7nwh8p/ZPr/eA=="
      },
      "runtime.maccatalyst-x64.runtime.native.System.IO.Ports": {
        "type": "Transitive",
        "resolved": "9.0.6",
        "contentHash": "kbPhYFOoSo7l71lZo4RFx51Vj6BbQAL3QFn4duULbrpV1GEQX5ZrmBSpdxigcvDMit1i/+wDTyMll9t56i/knQ=="
      },
      "runtime.osx-arm64.runtime.native.System.IO.Ports": {
        "type": "Transitive",
        "resolved": "9.0.6",
        "contentHash": "a+KcHUMoNJG1Z9uvf28HDmT8jK5rm0ExTUdScsdP/ukU2KE7ah+vLxNbh4zCxzvGHsx+Z6bVpaWLjuSYNbqilQ=="
      },
      "runtime.osx-x64.runtime.native.System.IO.Ports": {
        "type": "Transitive",
        "resolved": "9.0.6",
        "contentHash": "ogySJ/MVq9J/X1ugQOAA4dQfoJSUnZtIbPLr8t2tsaGkV7TBgWOnFInRXy1c20o79M6ARyus12UinDKsFaLkwA=="
      },
      "System.IO.Ports": {
        "type": "Transitive",
        "resolved": "9.0.6",
        "contentHash": "D1nZmsZfUfKQ9/AqiAEafmnYijUoJvXtl0RWZ2P+q/Wq3gXgEtp+NzKTpabw2s0aiuPAsdx8SujQY06W2X4ucQ==",
        "dependencies": {
          "runtime.native.System.IO.Ports": "9.0.6"
        }
      }
    }
  }
}